# This file is autogenerated, do not edit; changes may be undone by the next 'dep ensure'.


[[projects]]
  branch = "master"
  digest = "1:81e3822611f995815aae84f75d2a2a705921976364d8bc4280a1c329fd96a3c9"
  name = "github.com/fnproject/fdk-go"
  packages = ["."]
  pruneopts = "UT"
  revision = "bd24a5aa63cf1a4355575d8eec6cd30d4702d99b"

[solve-meta]
  analyzer-name = "dep"
  analyzer-version = 1
  input-imports = ["github.com/fnproject/fdk-go"]
  solver-name = "gps-cdcl"
  solver-version = 1
