# This file is autogenerated, do not edit; changes may be undone by the next 'dep ensure'.


[[projects]]
  branch = "master"
  name = "github.com/fnproject/fdk-go"
  packages = [
    ".",
    "utils"
  ]
  revision = "1eb29530716f262bad5b83eb9a5b3f7483636949"

[solve-meta]
  analyzer-name = "dep"
  analyzer-version = 1
  inputs-digest = "867f825ac817dc08e5961eff839575806b79d934637e73f77261d838eb033bf9"
  solver-name = "gps-cdcl"
  solver-version = 1
